%{
  "acceptor_pool": {:hex, :acceptor_pool, "1.0.1", "d88c2e8a0be9216cf513fbcd3e5a4beb36bee3ff4168e85d6152c6f899359cdb", [:rebar3], [], "hexpm", "f172f3d74513e8edd445c257d596fc84dbdd56d2c6fa287434269648ae5a421e"},
  "bunt": {:hex, :bunt, "1.0.0", "081c2c665f086849e6d57900292b3a161727ab40431219529f13c4ddcf3e7a44", [:mix], [], "hexpm", "dc5f86aa08a5f6fa6b8096f0735c4e76d54ae5c9fa2c143e5a1fc7c1cd9bb6b5"},
  "chatterbox": {:hex, :ts_chatterbox, "0.15.1", "5cac4d15dd7ad61fc3c4415ce4826fc563d4643dee897a558ec4ea0b1c835c9c", [:rebar3], [{:hpack, "~> 0.3.0", [hex: :hpack_erl, repo: "hexpm", optional: false]}], "hexpm", "4f75b91451338bc0da5f52f3480fa6ef6e3a2aeecfc33686d6b3d0a0948f31aa"},
  "claude_agent_sdk": {:hex, :claude_agent_sdk, "0.6.9", "0f9d9e2d8d4113f49671ed466286a82205915d93b64ea1091c5aee83b7b0ffe6", [:mix], [{:erlexec, "~> 2.0", [hex: :erlexec, repo: "hexpm", optional: false]}, {:jason, "~> 1.4", [hex: :jason, repo: "hexpm", optional: false]}], "hexpm", "5f6be447a4137327d824a909fa8541b4acbf892c5ac98028ea4134b856e15c5e"},
  "codex_sdk": {:hex, :codex_sdk, "0.4.2", "aabdd9daa9fe5285ece58d655369b64e9b2b8a432994842c47b8973cbd699aa6", [:mix], [{:erlexec, "~> 2.0", [hex: :erlexec, repo: "hexpm", optional: false]}, {:jason, "~> 1.4", [hex: :jason, repo: "hexpm", optional: false]}, {:opentelemetry, "~> 1.3", [hex: :opentelemetry, repo: "hexpm", optional: false]}, {:opentelemetry_exporter, "~> 1.6", [hex: :opentelemetry_exporter, repo: "hexpm", optional: false]}, {:telemetry, "~> 1.3", [hex: :telemetry, repo: "hexpm", optional: false]}, {:typed_struct, "~> 0.3.0", [hex: :typed_struct, repo: "hexpm", optional: false]}], "hexpm", "ec472eb541934342274a2e925060219e729270dc92ae98de50ebc85c0659c618"},
  "cowboy": {:hex, :cowboy, "2.14.2", "4008be1df6ade45e4f2a4e9e2d22b36d0b5aba4e20b0a0d7049e28d124e34847", [:make, :rebar3], [{:cowlib, ">= 2.16.0 and < 3.0.0", [hex: :cowlib, repo: "hexpm", optional: false]}, {:ranch, ">= 1.8.0 and < 3.0.0", [hex: :ranch, repo: "hexpm", optional: false]}], "hexpm", "569081da046e7b41b5df36aa359be71a0c8874e5b9cff6f747073fc57baf1ab9"},
  "cowboy_telemetry": {:hex, :cowboy_telemetry, "0.4.0", "f239f68b588efa7707abce16a84d0d2acf3a0f50571f8bb7f56a15865aae820c", [:rebar3], [{:cowboy, "~> 2.7", [hex: :cowboy, repo: "hexpm", optional: false]}, {:telemetry, "~> 1.0", [hex: :telemetry, repo: "hexpm", optional: false]}], "hexpm", "7d98bac1ee4565d31b62d59f8823dfd8356a169e7fcbb83831b8a5397404c9de"},
  "cowlib": {:hex, :cowlib, "2.16.0", "54592074ebbbb92ee4746c8a8846e5605052f29309d3a873468d76cdf932076f", [:make, :rebar3], [], "hexpm", "7f478d80d66b747344f0ea7708c187645cfcc08b11aa424632f78e25bf05db51"},
  "credo": {:hex, :credo, "1.7.13", "126a0697df6b7b71cd18c81bc92335297839a806b6f62b61d417500d1070ff4e", [:mix], [{:bunt, "~> 0.2.1 or ~> 1.0", [hex: :bunt, repo: "hexpm", optional: false]}, {:file_system, "~> 0.2 or ~> 1.0", [hex: :file_system, repo: "hexpm", optional: false]}, {:jason, "~> 1.0", [hex: :jason, repo: "hexpm", optional: false]}], "hexpm", "47641e6d2bbff1e241e87695b29f617f1a8f912adea34296fb10ecc3d7e9e84f"},
  "ctx": {:hex, :ctx, "0.6.0", "8ff88b70e6400c4df90142e7f130625b82086077a45364a78d208ed3ed53c7fe", [:rebar3], [], "hexpm", "a14ed2d1b67723dbebbe423b28d7615eb0bdcba6ff28f2d1f1b0a7e1d4aa5fc2"},
  "decimal": {:hex, :decimal, "2.3.0", "3ad6255aa77b4a3c4f818171b12d237500e63525c2fd056699967a3e7ea20f62", [:mix], [], "hexpm", "a4d66355cb29cb47c3cf30e71329e58361cfcb37c34235ef3bf1d7bf3773aeac"},
  "dialyxir": {:hex, :dialyxir, "1.4.6", "7cca478334bf8307e968664343cbdb432ee95b4b68a9cba95bdabb0ad5bdfd9a", [:mix], [{:erlex, ">= 0.2.7", [hex: :erlex, repo: "hexpm", optional: false]}], "hexpm", "8cf5615c5cd4c2da6c501faae642839c8405b49f8aa057ad4ae401cb808ef64d"},
  "earmark_parser": {:hex, :earmark_parser, "1.4.44", "f20830dd6b5c77afe2b063777ddbbff09f9759396500cdbe7523efd58d7a339c", [:mix], [], "hexpm", "4778ac752b4701a5599215f7030989c989ffdc4f6df457c5f36938cc2d2a2750"},
  "ecto": {:hex, :ecto, "3.13.4", "27834b45d58075d4a414833d9581e8b7bb18a8d9f264a21e42f653d500dbeeb5", [:mix], [{:decimal, "~> 2.0", [hex: :decimal, repo: "hexpm", optional: false]}, {:jason, "~> 1.0", [hex: :jason, repo: "hexpm", optional: true]}, {:telemetry, "~> 0.4 or ~> 1.0", [hex: :telemetry, repo: "hexpm", optional: false]}], "hexpm", "5ad7d1505685dfa7aaf86b133d54f5ad6c42df0b4553741a1ff48796736e88b2"},
  "erlex": {:hex, :erlex, "0.2.7", "810e8725f96ab74d17aac676e748627a07bc87eb950d2b83acd29dc047a30595", [:mix], [], "hexpm", "3ed95f79d1a844c3f6bf0cea61e0d5612a42ce56da9c03f01df538685365efb0"},
  "erlexec": {:hex, :erlexec, "2.2.2", "edb9f1a7d821a9df4efdc82bd11817ab5249dbd294d5c54ec249bd905f10e804", [:rebar3], [], "hexpm", "5e8e3c3773113785361b3b55218d92f7e91509cc9d679bf67c5c3703b394c900"},
  "ex_doc": {:hex, :ex_doc, "0.39.1", "e19d356a1ba1e8f8cfc79ce1c3f83884b6abfcb79329d435d4bbb3e97ccc286e", [:mix], [{:earmark_parser, "~> 1.4.44", [hex: :earmark_parser, repo: "hexpm", optional: false]}, {:makeup_c, ">= 0.1.0", [hex: :makeup_c, repo: "hexpm", optional: true]}, {:makeup_elixir, "~> 0.14 or ~> 1.0", [hex: :makeup_elixir, repo: "hexpm", optional: false]}, {:makeup_erlang, "~> 0.1 or ~> 1.0", [hex: :makeup_erlang, repo: "hexpm", optional: false]}, {:makeup_html, ">= 0.1.0", [hex: :makeup_html, repo: "hexpm", optional: true]}], "hexpm", "8abf0ed3e3ca87c0847dfc4168ceab5bedfe881692f1b7c45f4a11b232806865"},
  "excoveralls": {:hex, :excoveralls, "0.18.5", "e229d0a65982613332ec30f07940038fe451a2e5b29bce2a5022165f0c9b157e", [:mix], [{:castore, "~> 1.0", [hex: :castore, repo: "hexpm", optional: true]}, {:jason, "~> 1.0", [hex: :jason, repo: "hexpm", optional: false]}], "hexpm", "523fe8a15603f86d64852aab2abe8ddbd78e68579c8525ae765facc5eae01562"},
  "file_system": {:hex, :file_system, "1.1.1", "31864f4685b0148f25bd3fbef2b1228457c0c89024ad67f7a81a3ffbc0bbad3a", [:mix], [], "hexpm", "7a15ff97dfe526aeefb090a7a9d3d03aa907e100e262a0f8f7746b78f8f87a5d"},
  "flow": {:hex, :flow, "1.2.4", "1dd58918287eb286656008777cb32714b5123d3855956f29aa141ebae456922d", [:mix], [{:gen_stage, "~> 1.0", [hex: :gen_stage, repo: "hexpm", optional: false]}], "hexpm", "874adde96368e71870f3510b91e35bc31652291858c86c0e75359cbdd35eb211"},
  "gen_stage": {:hex, :gen_stage, "1.3.2", "7c77e5d1e97de2c6c2f78f306f463bca64bf2f4c3cdd606affc0100b89743b7b", [:mix], [], "hexpm", "0ffae547fa777b3ed889a6b9e1e64566217413d018cabd825f786e843ffe63e7"},
  "googleapis": {:hex, :googleapis, "0.1.0", "13770f3f75f5b863fb9acf41633c7bc71bad788f3f553b66481a096d083ee20e", [:mix], [{:protobuf, "~> 0.12", [hex: :protobuf, repo: "hexpm", optional: false]}], "hexpm", "1989a7244fd17d3eb5f3de311a022b656c3736b39740db46506157c4604bd212"},
  "gproc": {:hex, :gproc, "0.9.1", "f1df0364423539cf0b80e8201c8b1839e229e5f9b3ccb944c5834626998f5b8c", [:rebar3], [], "hexpm", "905088e32e72127ed9466f0bac0d8e65704ca5e73ee5a62cb073c3117916d507"},
  "grpc": {:hex, :grpc, "0.11.5", "5dbde9420718b58712779ad98fff1ef50349ca0fa7cc0858ae0f826015068654", [:mix], [{:castore, "~> 0.1 or ~> 1.0", [hex: :castore, repo: "hexpm", optional: true]}, {:cowboy, "~> 2.10", [hex: :cowboy, repo: "hexpm", optional: false]}, {:cowlib, "~> 2.12", [hex: :cowlib, repo: "hexpm", optional: false]}, {:flow, "~> 1.2", [hex: :flow, repo: "hexpm", optional: false]}, {:googleapis, "~> 0.1.0", [hex: :googleapis, repo: "hexpm", optional: false]}, {:gun, "~> 2.0", [hex: :gun, repo: "hexpm", optional: false]}, {:jason, ">= 0.0.0", [hex: :jason, repo: "hexpm", optional: false]}, {:mint, "~> 1.5", [hex: :mint, repo: "hexpm", optional: false]}, {:protobuf, "~> 0.14", [hex: :protobuf, repo: "hexpm", optional: false]}, {:telemetry, "~> 1.0", [hex: :telemetry, repo: "hexpm", optional: false]}], "hexpm", "0a5d8673ef16649bef0903bca01c161acfc148e4d269133b6834b2af1f07f45e"},
  "grpcbox": {:hex, :grpcbox, "0.17.1", "6e040ab3ef16fe699ffb513b0ef8e2e896da7b18931a1ef817143037c454bcce", [:rebar3], [{:acceptor_pool, "~> 1.0.0", [hex: :acceptor_pool, repo: "hexpm", optional: false]}, {:chatterbox, "~> 0.15.1", [hex: :ts_chatterbox, repo: "hexpm", optional: false]}, {:ctx, "~> 0.6.0", [hex: :ctx, repo: "hexpm", optional: false]}, {:gproc, "~> 0.9.1", [hex: :gproc, repo: "hexpm", optional: false]}], "hexpm", "4a3b5d7111daabc569dc9cbd9b202a3237d81c80bf97212fbc676832cb0ceb17"},
  "gun": {:hex, :gun, "2.2.0", "b8f6b7d417e277d4c2b0dc3c07dfdf892447b087f1cc1caff9c0f556b884e33d", [:make, :rebar3], [{:cowlib, ">= 2.15.0 and < 3.0.0", [hex: :cowlib, repo: "hexpm", optional: false]}], "hexpm", "76022700c64287feb4df93a1795cff6741b83fb37415c40c34c38d2a4645261a"},
  "ham": {:hex, :ham, "0.3.2", "02ae195f49970ef667faf9d01bc454fb80909a83d6c775bcac724ca567aeb7b3", [:mix], [], "hexpm", "b71cc684c0e5a3d32b5f94b186770551509e93a9ae44ca1c1a313700f2f6a69a"},
  "hpack": {:hex, :hpack_erl, "0.3.0", "2461899cc4ab6a0ef8e970c1661c5fc6a52d3c25580bc6dd204f84ce94669926", [:rebar3], [], "hexpm", "d6137d7079169d8c485c6962dfe261af5b9ef60fbc557344511c1e65e3d95fb0"},
  "hpax": {:hex, :hpax, "1.0.3", "ed67ef51ad4df91e75cc6a1494f851850c0bd98ebc0be6e81b026e765ee535aa", [:mix], [], "hexpm", "8eab6e1cfa8d5918c2ce4ba43588e894af35dbd8e91e6e55c817bca5847df34a"},
  "jason": {:hex, :jason, "1.4.4", "b9226785a9aa77b6857ca22832cffa5d5011a667207eb2a0ad56adb5db443b8a", [:mix], [{:decimal, "~> 1.0 or ~> 2.0", [hex: :decimal, repo: "hexpm", optional: true]}], "hexpm", "c5eb0cab91f094599f94d55bc63409236a8ec69a21a67814529e8d5f6cc90b3b"},
  "makeup": {:hex, :makeup, "1.2.1", "e90ac1c65589ef354378def3ba19d401e739ee7ee06fb47f94c687016e3713d1", [:mix], [{:nimble_parsec, "~> 1.4", [hex: :nimble_parsec, repo: "hexpm", optional: false]}], "hexpm", "d36484867b0bae0fea568d10131197a4c2e47056a6fbe84922bf6ba71c8d17ce"},
  "makeup_elixir": {:hex, :makeup_elixir, "1.0.1", "e928a4f984e795e41e3abd27bfc09f51db16ab8ba1aebdba2b3a575437efafc2", [:mix], [{:makeup, "~> 1.0", [hex: :makeup, repo: "hexpm", optional: false]}, {:nimble_parsec, "~> 1.2.3 or ~> 1.3", [hex: :nimble_parsec, repo: "hexpm", optional: false]}], "hexpm", "7284900d412a3e5cfd97fdaed4f5ed389b8f2b4cb49efc0eb3bd10e2febf9507"},
  "makeup_erlang": {:hex, :makeup_erlang, "1.0.2", "03e1804074b3aa64d5fad7aa64601ed0fb395337b982d9bcf04029d68d51b6a7", [:mix], [{:makeup, "~> 1.0", [hex: :makeup, repo: "hexpm", optional: false]}], "hexpm", "af33ff7ef368d5893e4a267933e7744e46ce3cf1f61e2dccf53a111ed3aa3727"},
  "mime": {:hex, :mime, "2.0.7", "b8d739037be7cd402aee1ba0306edfdef982687ee7e9859bee6198c1e7e2f128", [:mix], [], "hexpm", "6171188e399ee16023ffc5b76ce445eb6d9672e2e241d2df6050f3c771e80ccd"},
  "mimic": {:hex, :mimic, "1.12.0", "34c9d1fb8e756df09ca5f96861d273f2bb01063df1a6a51a4c101f9ad7f07a9c", [:mix], [{:ham, "~> 0.2", [hex: :ham, repo: "hexpm", optional: false]}], "hexpm", "eaa43d495d6f3bc8099b28886e05a1b09a2a6be083f6385c3abc17599e5e2c43"},
  "mint": {:hex, :mint, "1.7.1", "113fdb2b2f3b59e47c7955971854641c61f378549d73e829e1768de90fc1abf1", [:mix], [{:castore, "~> 0.1.0 or ~> 1.0", [hex: :castore, repo: "hexpm", optional: true]}, {:hpax, "~> 0.1.1 or ~> 0.2.0 or ~> 1.0", [hex: :hpax, repo: "hexpm", optional: false]}], "hexpm", "fceba0a4d0f24301ddee3024ae116df1c3f4bb7a563a731f45fdfeb9d39a231b"},
  "mox": {:hex, :mox, "1.2.0", "a2cd96b4b80a3883e3100a221e8adc1b98e4c3a332a8fc434c39526babafd5b3", [:mix], [{:nimble_ownership, "~> 1.0", [hex: :nimble_ownership, repo: "hexpm", optional: false]}], "hexpm", "c7b92b3cc69ee24a7eeeaf944cd7be22013c52fcb580c1f33f50845ec821089a"},
  "nimble_ownership": {:hex, :nimble_ownership, "1.0.2", "fa8a6f2d8c592ad4d79b2ca617473c6aefd5869abfa02563a77682038bf916cf", [:mix], [], "hexpm", "098af64e1f6f8609c6672127cfe9e9590a5d3fcdd82bc17a377b8692fd81a879"},
  "nimble_parsec": {:hex, :nimble_parsec, "1.4.2", "8efba0122db06df95bfaa78f791344a89352ba04baedd3849593bfce4d0dc1c6", [:mix], [], "hexpm", "4b21398942dda052b403bbe1da991ccd03a053668d147d53fb8c4e0efe09c973"},
  "opentelemetry": {:hex, :opentelemetry, "1.7.0", "20d0f12d3d1c398d3670fd44fd1a7c495dd748ab3e5b692a7906662e2fb1a38a", [:rebar3], [{:opentelemetry_api, "~> 1.5.0", [hex: :opentelemetry_api, repo: "hexpm", optional: false]}], "hexpm", "a9173b058c4549bf824cbc2f1d2fa2adc5cdedc22aa3f0f826951187bbd53131"},
  "opentelemetry_api": {:hex, :opentelemetry_api, "1.5.0", "1a676f3e3340cab81c763e939a42e11a70c22863f645aa06aafefc689b5550cf", [:mix, :rebar3], [], "hexpm", "f53ec8a1337ae4a487d43ac89da4bd3a3c99ddf576655d071deed8b56a2d5dda"},
  "opentelemetry_exporter": {:hex, :opentelemetry_exporter, "1.10.0", "972e142392dbfa679ec959914664adefea38399e4f56ceba5c473e1cabdbad79", [:rebar3], [{:grpcbox, ">= 0.0.0", [hex: :grpcbox, repo: "hexpm", optional: false]}, {:opentelemetry, "~> 1.7.0", [hex: :opentelemetry, repo: "hexpm", optional: false]}, {:opentelemetry_api, "~> 1.5.0", [hex: :opentelemetry_api, repo: "hexpm", optional: false]}, {:tls_certificate_check, "~> 1.18", [hex: :tls_certificate_check, repo: "hexpm", optional: false]}], "hexpm", "33a116ed7304cb91783f779dec02478f887c87988077bfd72840f760b8d4b952"},
  "opentelemetry_telemetry": {:hex, :opentelemetry_telemetry, "1.1.2", "410ab4d76b0921f42dbccbe5a7c831b8125282850be649ee1f70050d3961118a", [:mix, :rebar3], [{:opentelemetry_api, "~> 1.3", [hex: :opentelemetry_api, repo: "hexpm", optional: false]}, {:telemetry, "~> 1.1", [hex: :telemetry, repo: "hexpm", optional: false]}], "hexpm", "641ab469deb181957ac6d59bce6e1321d5fe2a56df444fc9c19afcad623ab253"},
  "plug": {:hex, :plug, "1.19.1", "09bac17ae7a001a68ae393658aa23c7e38782be5c5c00c80be82901262c394c0", [:mix], [{:mime, "~> 1.0 or ~> 2.0", [hex: :mime, repo: "hexpm", optional: false]}, {:plug_crypto, "~> 1.1.1 or ~> 1.2 or ~> 2.0", [hex: :plug_crypto, repo: "hexpm", optional: false]}, {:telemetry, "~> 0.4.3 or ~> 1.0", [hex: :telemetry, repo: "hexpm", optional: false]}], "hexpm", "560a0017a8f6d5d30146916862aaf9300b7280063651dd7e532b8be168511e62"},
  "plug_cowboy": {:hex, :plug_cowboy, "2.7.5", "261f21b67aea8162239b2d6d3b4c31efde4daa22a20d80b19c2c0f21b34b270e", [:mix], [{:cowboy, "~> 2.7", [hex: :cowboy, repo: "hexpm", optional: false]}, {:cowboy_telemetry, "~> 0.3", [hex: :cowboy_telemetry, repo: "hexpm", optional: false]}, {:plug, "~> 1.14", [hex: :plug, repo: "hexpm", optional: false]}], "hexpm", "20884bf58a90ff5a5663420f5d2c368e9e15ed1ad5e911daf0916ea3c57f77ac"},
  "plug_crypto": {:hex, :plug_crypto, "2.1.1", "19bda8184399cb24afa10be734f84a16ea0a2bc65054e23a62bb10f06bc89491", [:mix], [], "hexpm", "6470bce6ffe41c8bd497612ffde1a7e4af67f36a15eea5f921af71cf3e11247c"},
  "protobuf": {:hex, :protobuf, "0.15.0", "c9fc1e9fc1682b05c601df536d5ff21877b55e2023e0466a3855cc1273b74dcb", [:mix], [{:jason, "~> 1.2", [hex: :jason, repo: "hexpm", optional: true]}], "hexpm", "5d7bb325319db1d668838d2691c31c7b793c34111aec87d5ee467a39dac6e051"},
  "ranch": {:hex, :ranch, "2.2.0", "25528f82bc8d7c6152c57666ca99ec716510fe0925cb188172f41ce93117b1b0", [:make, :rebar3], [], "hexpm", "fa0b99a1780c80218a4197a59ea8d3bdae32fbff7e88527d7d8a4787eff4f8e7"},
  "snakepit": {:hex, :snakepit, "0.8.9", "a25eba184f790c80233eea7df541e8684427da940a33c28a0422860e14dedffe", [:mix], [{:grpc, "~> 0.11.5", [hex: :grpc, repo: "hexpm", optional: false]}, {:jason, "~> 1.0", [hex: :jason, repo: "hexpm", optional: false]}, {:opentelemetry, "~> 1.3", [hex: :opentelemetry, repo: "hexpm", optional: false]}, {:opentelemetry_exporter, "~> 1.6", [hex: :opentelemetry_exporter, repo: "hexpm", optional: false]}, {:opentelemetry_telemetry, "~> 1.0", [hex: :opentelemetry_telemetry, repo: "hexpm", optional: false]}, {:protobuf, "~> 0.15.0", [hex: :protobuf, repo: "hexpm", optional: false]}, {:telemetry_metrics, "~> 1.0", [hex: :telemetry_metrics, repo: "hexpm", optional: false]}, {:telemetry_metrics_prometheus, "~> 1.1", [hex: :telemetry_metrics_prometheus, repo: "hexpm", optional: false]}, {:telemetry_poller, "~> 1.0", [hex: :telemetry_poller, repo: "hexpm", optional: false]}], "hexpm", "59543b060c2625fde339ed67a3b77ae97b2007f37133f2b60847ffa17b8a29c2"},
  "ssl_verify_fun": {:hex, :ssl_verify_fun, "1.1.7", "354c321cf377240c7b8716899e182ce4890c5938111a1296add3ec74cf1715df", [:make, :mix, :rebar3], [], "hexpm", "fe4c190e8f37401d30167c8c405eda19469f34577987c76dde613e838bbc67f8"},
  "stream_data": {:hex, :stream_data, "1.2.0", "58dd3f9e88afe27dc38bef26fce0c84a9e7a96772b2925c7b32cd2435697a52b", [:mix], [], "hexpm", "eb5c546ee3466920314643edf68943a5b14b32d1da9fe01698dc92b73f89a9ed"},
  "supertester": {:hex, :supertester, "0.3.1", "976dcb3f32daabb03f781327dc7a52ef5f9f16c8c291b873d0491ab8b5a25ebf", [:mix], [{:stream_data, "~> 1.0", [hex: :stream_data, repo: "hexpm", optional: true]}, {:telemetry, "~> 1.0", [hex: :telemetry, repo: "hexpm", optional: false]}], "hexpm", "d17bea6fca1eacbea3b9c18e75d988856fa0c93709737d888e62f4229e1a7b63"},
  "telemetry": {:hex, :telemetry, "1.3.0", "fedebbae410d715cf8e7062c96a1ef32ec22e764197f70cda73d82778d61e7a2", [:rebar3], [], "hexpm", "7015fc8919dbe63764f4b4b87a95b7c0996bd539e0d499be6ec9d7f3875b79e6"},
  "telemetry_metrics": {:hex, :telemetry_metrics, "1.1.0", "5bd5f3b5637e0abea0426b947e3ce5dd304f8b3bc6617039e2b5a008adc02f8f", [:mix], [{:telemetry, "~> 0.4 or ~> 1.0", [hex: :telemetry, repo: "hexpm", optional: false]}], "hexpm", "e7b79e8ddfde70adb6db8a6623d1778ec66401f366e9a8f5dd0955c56bc8ce67"},
  "telemetry_metrics_prometheus": {:hex, :telemetry_metrics_prometheus, "1.1.0", "1cc23e932c1ef9aa3b91db257ead31ea58d53229d407e059b29bb962c1505a13", [:mix], [{:plug_cowboy, "~> 2.1", [hex: :plug_cowboy, repo: "hexpm", optional: false]}, {:telemetry_metrics_prometheus_core, "~> 1.0", [hex: :telemetry_metrics_prometheus_core, repo: "hexpm", optional: false]}], "hexpm", "d43b3659b3244da44fe0275b717701542365d4519b79d9ce895b9719c1ce4d26"},
  "telemetry_metrics_prometheus_core": {:hex, :telemetry_metrics_prometheus_core, "1.2.1", "c9755987d7b959b557084e6990990cb96a50d6482c683fb9622a63837f3cd3d8", [:mix], [{:telemetry, "~> 0.4 or ~> 1.0", [hex: :telemetry, repo: "hexpm", optional: false]}, {:telemetry_metrics, "~> 0.6 or ~> 1.0", [hex: :telemetry_metrics, repo: "hexpm", optional: false]}], "hexpm", "5e2c599da4983c4f88a33e9571f1458bf98b0cf6ba930f1dc3a6e8cf45d5afb6"},
  "telemetry_poller": {:hex, :telemetry_poller, "1.3.0", "d5c46420126b5ac2d72bc6580fb4f537d35e851cc0f8dbd571acf6d6e10f5ec7", [:rebar3], [{:telemetry, "~> 1.0", [hex: :telemetry, repo: "hexpm", optional: false]}], "hexpm", "51f18bed7128544a50f75897db9974436ea9bfba560420b646af27a9a9b35211"},
  "tls_certificate_check": {:hex, :tls_certificate_check, "1.31.0", "9a910b54d8cb96cc810cabf4c0129f21360f82022b20180849f1442a25ccbb04", [:rebar3], [{:ssl_verify_fun, "~> 1.1", [hex: :ssl_verify_fun, repo: "hexpm", optional: false]}], "hexpm", "9d2b41b128d5507bd8ad93e1a998e06d0ab2f9a772af343f4c00bf76c6be1532"},
  "typed_struct": {:hex, :typed_struct, "0.3.0", "939789e3c1dca39d7170c87f729127469d1315dcf99fee8e152bb774b17e7ff7", [:mix], [], "hexpm", "c50bd5c3a61fe4e198a8504f939be3d3c85903b382bde4865579bc23111d1b6d"},
}
