{
  "environment": {
    "elixir_version": "1.18.4",
    "generator_hash": "c9163ff21f1f2b0390dc48bdda47179718f772f507a7cebceca59ce1a7129029",
    "otp_version": "28",
    "python_platform": "x86_64-pc-linux-gnu",
    "python_runtime_hash": "1319c137ea5d30f1d7599943cb0e72666648c20a94cf5932dd095364d07dafeb",
    "python_version": "3.12.3",
    "snakebridge_version": "3.0.0"
  },
  "libraries": {
    "math_verify": {
      "hash": null,
      "requested": "~> 0.1",
      "resolved": "~> 0.1"
    },
    "pylatexenc": {
      "hash": null,
      "requested": "~> 2.10",
      "resolved": "~> 2.10"
    },
    "sympy": {
      "hash": null,
      "requested": "~> 1.12",
      "resolved": "~> 1.12"
    }
  },
  "version": "3.0.0"
}