{
  "compatibility": {
    "compute_capability_min": null,
    "cuda_min": null
  },
  "environment": {
    "elixir_version": "1.18.4",
    "generator_hash": "79886ffdbf8011c74b010a281617d713dd8799618d19ca3020def9d89664073e",
    "hardware": {
      "accelerator": "cpu",
      "cpu_features": [
        "pclmul",
        "ssse3",
        "fma",
        "sse4_1",
        "sse4_2",
        "aes",
        "avx",
        "f16c",
        "avx2"
      ],
      "gpu_count": 0
    },
    "otp_version": "28",
    "platform": {
      "arch": "x86_64",
      "os": "linux"
    },
    "python_packages_hash": "sha256:67ded8e74b12664c6ec48d3e7388d0133854554b365219f5b5d745a73f637ef6",
    "python_platform": "x86_64-pc-linux-gnu",
    "python_runtime_hash": "4933b6c4a8521fb3aa93856701e30b3ac2626d3c47ceb22965a3b0b422e85b44",
    "python_version": "3.12.3",
    "snakebridge_version": "0.14.0"
  },
  "libraries": {
    "math_verify": {
      "config_hash": "746748e98aa51f5a224fe08c02db8387dc4e3395d3d83bbab8db65ec787bd399",
      "hash": null,
      "requested": "~> 0.1",
      "resolved": "~> 0.1"
    },
    "pylatexenc": {
      "config_hash": "cd4210ae40085734f4fa5138bb1aa4fa0a2076989a721edc076bd961e4977efa",
      "hash": null,
      "requested": "~> 2.10",
      "resolved": "~> 2.10"
    },
    "sympy": {
      "config_hash": "286f91f9b819af555d5bb57ee9da40c45dffbe00173fc38bd59ae6e8309b01f2",
      "hash": null,
      "requested": "~> 1.12",
      "resolved": "~> 1.12"
    }
  },
  "python_packages": {
    "math-verify": {
      "version": "0.8.0",
      "hash": null
    },
    "pylatexenc": {
      "version": "2.10",
      "hash": null
    },
    "sympy": {
      "version": "1.14.0",
      "hash": null
    }
  },
  "version": "0.14.0"
}