{
  "compatibility": {
    "compute_capability_min": null,
    "cuda_min": "13.3"
  },
  "environment": {
    "elixir_version": "1.20.3",
    "generator_hash": "b42fe11f5e562e661535f7df00ee90c76624920d03cf35f9fbca687ac22b0c0f",
    "hardware": {
      "accelerator": "cuda",
      "cpu_features": [
        "pclmul",
        "ssse3",
        "fma",
        "sse4_1",
        "sse4_2",
        "aes",
        "avx",
        "f16c",
        "avx2"
      ],
      "cuda_version": "13.3",
      "cudnn_version": null,
      "gpu_count": 1
    },
    "otp_version": "29",
    "platform": {
      "arch": "x86_64",
      "os": "linux"
    },
    "python_packages_hash": "sha256:e3b0c44298fc1c149afbf4c8996fb92427ae41e4649b934ca495991b7852b855",
    "python_platform": "x86_64-pc-linux-gnu",
    "python_runtime_hash": "52e0a13e60a981d8c4b6478be2ba5176f69da07948a056bf49cf6f077e30cb41",
    "python_version": "3.14.4",
    "snakebridge_version": "0.17.0"
  },
  "libraries": {
    "stub_fallback_example": {
      "config_hash": "6391353ca18cbe2858e4d94c42fa77519235eba91641be7c874aa0861562a405",
      "hash": null,
      "requested": "stdlib",
      "resolved": "stdlib"
    }
  },
  "python_packages": {},
  "version": "0.17.0"
}